// !$*UTF8*$!
{
	archiveVersion = 1;
	classes = {
	};
	objectVersion = 55;
	objects = {

/* Begin PBXBuildFile section */
		320049DA272D168A0094EE7F /* AppDelegate.swift in Sources */ = {isa = PBXBuildFile; fileRef = 320049D9272D168A0094EE7F /* AppDelegate.swift */; };
		320049DC272D168A0094EE7F /* SceneDelegate.swift in Sources */ = {isa = PBXBuildFile; fileRef = 320049DB272D168A0094EE7F /* SceneDelegate.swift */; };
		320049DE272D168A0094EE7F /* ViewController.swift in Sources */ = {isa = PBXBuildFile; fileRef = 320049DD272D168A0094EE7F /* ViewController.swift */; };
		320049E1272D168A0094EE7F /* Main.storyboard in Resources */ = {isa = PBXBuildFile; fileRef = 320049DF272D168A0094EE7F /* Main.storyboard */; };
		320049E3272D168E0094EE7F /* Assets.xcassets in Resources */ = {isa = PBXBuildFile; fileRef = 320049E2272D168E0094EE7F /* Assets.xcassets */; };
		320049E6272D168E0094EE7F /* LaunchScreen.storyboard in Resources */ = {isa = PBXBuildFile; fileRef = 320049E4272D168E0094EE7F /* LaunchScreen.storyboard */; };
		32004A33272D31C90094EE7F /* LibA.framework in Frameworks */ = {isa = PBXBuildFile; fileRef = 32004A32272D31C90094EE7F /* LibA.framework */; };
		32004A34272D31C90094EE7F /* LibA.framework in Embed Frameworks */ = {isa = PBXBuildFile; fileRef = 32004A32272D31C90094EE7F /* LibA.framework */; settings = {ATTRIBUTES = (CodeSignOnCopy, RemoveHeadersOnCopy, ); }; };
/* End PBXBuildFile section */

/* Begin PBXCopyFilesBuildPhase section */
		32004A35272D31C90094EE7F /* Embed Frameworks */ = {
			isa = PBXCopyFilesBuildPhase;
			buildActionMask = 2147483647;
			dstPath = "";
			dstSubfolderSpec = 10;
			files = (
				32004A34272D31C90094EE7F /* LibA.framework in Embed Frameworks */,
			);
			name = "Embed Frameworks";
			runOnlyForDeploymentPostprocessing = 0;
		};
/* End PBXCopyFilesBuildPhase section */

/* Begin PBXFileReference section */
		320049D6272D168A0094EE7F /* LoadDemo.app */ = {isa = PBXFileReference; explicitFileType = wrapper.application; includeInIndex = 0; path = LoadDemo.app; sourceTree = BUILT_PRODUCTS_DIR; };
		320049D9272D168A0094EE7F /* AppDelegate.swift */ = {isa = PBXFileReference; lastKnownFileType = sourcecode.swift; path = AppDelegate.swift; sourceTree = "<group>"; };
		320049DB272D168A0094EE7F /* SceneDelegate.swift */ = {isa = PBXFileReference; lastKnownFileType = sourcecode.swift; path = SceneDelegate.swift; sourceTree = "<group>"; };
		320049DD272D168A0094EE7F /* ViewController.swift */ = {isa = PBXFileReference; lastKnownFileType = sourcecode.swift; path = ViewController.swift; sourceTree = "<group>"; };
		320049E0272D168A0094EE7F /* Base */ = {isa = PBXFileReference; lastKnownFileType = file.storyboard; name = Base; path = Base.lproj/Main.storyboard; sourceTree = "<group>"; };
		320049E2272D168E0094EE7F /* Assets.xcassets */ = {isa = PBXFileReference; lastKnownFileType = folder.assetcatalog; path = Assets.xcassets; sourceTree = "<group>"; };
		320049E5272D168E0094EE7F /* Base */ = {isa = PBXFileReference; lastKnownFileType = file.storyboard; name = Base; path = Base.lproj/LaunchScreen.storyboard; sourceTree = "<group>"; };
		320049E7272D168E0094EE7F /* Info.plist */ = {isa = PBXFileReference; lastKnownFileType = text.plist.xml; path = Info.plist; sourceTree = "<group>"; };
		32004A0A272D18C80094EE7F /* Load1.framework */ = {isa = PBXFileReference; explicitFileType = wrapper.framework; path = Load1.framework; sourceTree = BUILT_PRODUCTS_DIR; };
		32004A2F272D28E60094EE7F /* Base.framework */ = {isa = PBXFileReference; explicitFileType = wrapper.framework; path = Base.framework; sourceTree = BUILT_PRODUCTS_DIR; };
		32004A32272D31C90094EE7F /* LibA.framework */ = {isa = PBXFileReference; explicitFileType = wrapper.framework; path = LibA.framework; sourceTree = BUILT_PRODUCTS_DIR; };
/* End PBXFileReference section */

/* Begin PBXFrameworksBuildPhase section */
		320049D3272D168A0094EE7F /* Frameworks */ = {
			isa = PBXFrameworksBuildPhase;
			buildActionMask = 2147483647;
			files = (
				32004A33272D31C90094EE7F /* LibA.framework in Frameworks */,
			);
			runOnlyForDeploymentPostprocessing = 0;
		};
/* End PBXFrameworksBuildPhase section */

/* Begin PBXGroup section */
		320049CD272D168A0094EE7F = {
			isa = PBXGroup;
			children = (
				320049D8272D168A0094EE7F /* LoadDemo */,
				320049D7272D168A0094EE7F /* Products */,
				32004A09272D18C80094EE7F /* Frameworks */,
			);
			sourceTree = "<group>";
		};
		320049D7272D168A0094EE7F /* Products */ = {
			isa = PBXGroup;
			children = (
				320049D6272D168A0094EE7F /* LoadDemo.app */,
			);
			name = Products;
			sourceTree = "<group>";
		};
		320049D8272D168A0094EE7F /* LoadDemo */ = {
			isa = PBXGroup;
			children = (
				320049D9272D168A0094EE7F /* AppDelegate.swift */,
				320049DB272D168A0094EE7F /* SceneDelegate.swift */,
				320049DD272D168A0094EE7F /* ViewController.swift */,
				320049DF272D168A0094EE7F /* Main.storyboard */,
				320049E2272D168E0094EE7F /* Assets.xcassets */,
				320049E4272D168E0094EE7F /* LaunchScreen.storyboard */,
				320049E7272D168E0094EE7F /* Info.plist */,
			);
			path = LoadDemo;
			sourceTree = "<group>";
		};
		32004A09272D18C80094EE7F /* Frameworks */ = {
			isa = PBXGroup;
			children = (
				32004A32272D31C90094EE7F /* LibA.framework */,
				32004A2F272D28E60094EE7F /* Base.framework */,
				32004A0A272D18C80094EE7F /* Load1.framework */,
			);
			name = Frameworks;
			sourceTree = "<group>";
		};
/* End PBXGroup section */

/* Begin PBXNativeTarget section */
		320049D5272D168A0094EE7F /* LoadDemo */ = {
			isa = PBXNativeTarget;
			buildConfigurationList = 320049EA272D168E0094EE7F /* Build configuration list for PBXNativeTarget "LoadDemo" */;
			buildPhases = (
				320049D2272D168A0094EE7F /* Sources */,
				320049D3272D168A0094EE7F /* Frameworks */,
				320049D4272D168A0094EE7F /* Resources */,
				32004A35272D31C90094EE7F /* Embed Frameworks */,
			);
			buildRules = (
			);
			dependencies = (
			);
			name = LoadDemo;
			productName = LoadDemo;
			productReference = 320049D6272D168A0094EE7F /* LoadDemo.app */;
			productType = "com.apple.product-type.application";
		};
/* End PBXNativeTarget section */

/* Begin PBXProject section */
		320049CE272D168A0094EE7F /* Project object */ = {
			isa = PBXProject;
			attributes = {
				BuildIndependentTargetsInParallel = 1;
				LastSwiftUpdateCheck = 1300;
				LastUpgradeCheck = 1300;
				TargetAttributes = {
					320049D5272D168A0094EE7F = {
						CreatedOnToolsVersion = 13.0;
					};
				};
			};
			buildConfigurationList = 320049D1272D168A0094EE7F /* Build configuration list for PBXProject "LoadDemo" */;
			compatibilityVersion = "Xcode 13.0";
			developmentRegion = en;
			hasScannedForEncodings = 0;
			knownRegions = (
				en,
				Base,
			);
			mainGroup = 320049CD272D168A0094EE7F;
			productRefGroup = 320049D7272D168A0094EE7F /* Products */;
			projectDirPath = "";
			projectRoot = "";
			targets = (
				320049D5272D168A0094EE7F /* LoadDemo */,
			);
		};
/* End PBXProject section */

/* Begin PBXResourcesBuildPhase section */
		320049D4272D168A0094EE7F /* Resources */ = {
			isa = PBXResourcesBuildPhase;
			buildActionMask = 2147483647;
			files = (
				320049E6272D168E0094EE7F /* LaunchScreen.storyboard in Resources */,
				320049E3272D168E0094EE7F /* Assets.xcassets in Resources */,
				320049E1272D168A0094EE7F /* Main.storyboard in Resources */,
			);
			runOnlyForDeploymentPostprocessing = 0;
		};
/* End PBXResourcesBuildPhase section */

/* Begin PBXSourcesBuildPhase section */
		320049D2272D168A0094EE7F /* Sources */ = {
			isa = PBXSourcesBuildPhase;
			buildActionMask = 2147483647;
			files = (
				320049DE272D168A0094EE7F /* ViewController.swift in Sources */,
				320049DA272D168A0094EE7F /* AppDelegate.swift in Sources */,
				320049DC272D168A0094EE7F /* SceneDelegate.swift in Sources */,
			);
			runOnlyForDeploymentPostprocessing = 0;
		};
/* End PBXSourcesBuildPhase section */

/* Begin PBXVariantGroup section */
		320049DF272D168A0094EE7F /* Main.storyboard */ = {
			isa = PBXVariantGroup;
			children = (
				320049E0272D168A0094EE7F /* Base */,
			);
			name = Main.storyboard;
			sourceTree = "<group>";
		};
		320049E4272D168E0094EE7F /* LaunchScreen.storyboard */ = {
			isa = PBXVariantGroup;
			children = (
				320049E5272D168E0094EE7F /* Base */,
			);
			name = LaunchScreen.storyboard;
			sourceTree = "<group>";
		};
/* End PBXVariantGroup section */

/* Begin XCBuildConfiguration section */
		320049E8272D168E0094EE7F /* Debug */ = {
			isa = XCBuildConfiguration;
			buildSettings = {
				ALWAYS_SEARCH_USER_PATHS = NO;
				CLANG_ANALYZER_NONNULL = YES;
				CLANG_ANALYZER_NUMBER_OBJECT_CONVERSION = YES_AGGRESSIVE;
				CLANG_CXX_LANGUAGE_STANDARD = "gnu++17";
				CLANG_CXX_LIBRARY = "libc++";
				CLANG_ENABLE_MODULES = YES;
				CLANG_ENABLE_OBJC_ARC = YES;
				CLANG_ENABLE_OBJC_WEAK = YES;
				CLANG_WARN_BLOCK_CAPTURE_AUTORELEASING = YES;
				CLANG_WARN_BOOL_CONVERSION = YES;
				CLANG_WARN_COMMA = YES;
				CLANG_WARN_CONSTANT_CONVERSION = YES;
				CLANG_WARN_DEPRECATED_OBJC_IMPLEMENTATIONS = YES;
				CLANG_WARN_DIRECT_OBJC_ISA_USAGE = YES_ERROR;
				CLANG_WARN_DOCUMENTATION_COMMENTS = YES;
				CLANG_WARN_EMPTY_BODY = YES;
				CLANG_WARN_ENUM_CONVERSION = YES;
				CLANG_WARN_INFINITE_RECURSION = YES;
				CLANG_WARN_INT_CONVERSION = YES;
				CLANG_WARN_NON_LITERAL_NULL_CONVERSION = YES;
				CLANG_WARN_OBJC_IMPLICIT_RETAIN_SELF = YES;
				CLANG_WARN_OBJC_LITERAL_CONVERSION = YES;
				CLANG_WARN_OBJC_ROOT_CLASS = YES_ERROR;
				CLANG_WARN_QUOTED_INCLUDE_IN_FRAMEWORK_HEADER = YES;
				CLANG_WARN_RANGE_LOOP_ANALYSIS = YES;
				CLANG_WARN_STRICT_PROTOTYPES = YES;
				CLANG_WARN_SUSPICIOUS_MOVE = YES;
				CLANG_WARN_UNGUARDED_AVAILABILITY = YES_AGGRESSIVE;
				CLANG_WARN_UNREACHABLE_CODE = YES;
				CLANG_WARN__DUPLICATE_METHOD_MATCH = YES;
				COPY_PHASE_STRIP = NO;
				DEBUG_INFORMATION_FORMAT = dwarf;
				ENABLE_STRICT_OBJC_MSGSEND = YES;
				ENABLE_TESTABILITY = YES;
				GCC_C_LANGUAGE_STANDARD = gnu11;
				GCC_DYNAMIC_NO_PIC = NO;
				GCC_NO_COMMON_BLOCKS = YES;
				GCC_OPTIMIZATION_LEVEL = 0;
				GCC_PREPROCESSOR_DEFINITIONS = (
					"DEBUG=1",
					"$(inherited)",
				);
				GCC_WARN_64_TO_32_BIT_CONVERSION = YES;
				GCC_WARN_ABOUT_RETURN_TYPE = YES_ERROR;
				GCC_WARN_UNDECLARED_SELECTOR = YES;
				GCC_WARN_UNINITIALIZED_AUTOS = YES_AGGRESSIVE;
				GCC_WARN_UNUSED_FUNCTION = YES;
				GCC_WARN_UNUSED_VARIABLE = YES;
				IPHONEOS_DEPLOYMENT_TARGET = 15.0;
				MTL_ENABLE_DEBUG_INFO = INCLUDE_SOURCE;
				MTL_FAST_MATH = YES;
				ONLY_ACTIVE_ARCH = YES;
				SDKROOT = iphoneos;
				SWIFT_ACTIVE_COMPILATION_CONDITIONS = DEBUG;
				SWIFT_OPTIMIZATION_LEVEL = "-Onone";
			};
			name = Debug;
		};
		320049E9272D168E0094EE7F /* Release */ = {
			isa = XCBuildConfiguration;
			buildSettings = {
				ALWAYS_SEARCH_USER_PATHS = NO;
				CLANG_ANALYZER_NONNULL = YES;
				CLANG_ANALYZER_NUMBER_OBJECT_CONVERSION = YES_AGGRESSIVE;
				CLANG_CXX_LANGUAGE_STANDARD = "gnu++17";
				CLANG_CXX_LIBRARY = "libc++";
				CLANG_ENABLE_MODULES = YES;
				CLANG_ENABLE_OBJC_ARC = YES;
				CLANG_ENABLE_OBJC_WEAK = YES;
				CLANG_WARN_BLOCK_CAPTURE_AUTORELEASING = YES;
				CLANG_WARN_BOOL_CONVERSION = YES;
				CLANG_WARN_COMMA = YES;
				CLANG_WARN_CONSTANT_CONVERSION = YES;
				CLANG_WARN_DEPRECATED_OBJC_IMPLEMENTATIONS = YES;
				CLANG_WARN_DIRECT_OBJC_ISA_USAGE = YES_ERROR;
				CLANG_WARN_DOCUMENTATION_COMMENTS = YES;
				CLANG_WARN_EMPTY_BODY = YES;
				CLANG_WARN_ENUM_CONVERSION = YES;
				CLANG_WARN_INFINITE_RECURSION = YES;
				CLANG_WARN_INT_CONVERSION = YES;
				CLANG_WARN_NON_LITERAL_NULL_CONVERSION = YES;
				CLANG_WARN_OBJC_IMPLICIT_RETAIN_SELF = YES;
				CLANG_WARN_OBJC_LITERAL_CONVERSION = YES;
				CLANG_WARN_OBJC_ROOT_CLASS = YES_ERROR;
				CLANG_WARN_QUOTED_INCLUDE_IN_FRAMEWORK_HEADER = YES;
				CLANG_WARN_RANGE_LOOP_ANALYSIS = YES;
				CLANG_WARN_STRICT_PROTOTYPES = YES;
				CLANG_WARN_SUSPICIOUS_MOVE = YES;
				CLANG_WARN_UNGUARDED_AVAILABILITY = YES_AGGRESSIVE;
				CLANG_WARN_UNREACHABLE_CODE = YES;
				CLANG_WARN__DUPLICATE_METHOD_MATCH = YES;
				COPY_PHASE_STRIP = NO;
				DEBUG_INFORMATION_FORMAT = "dwarf-with-dsym";
				ENABLE_NS_ASSERTIONS = NO;
				ENABLE_STRICT_OBJC_MSGSEND = YES;
				GCC_C_LANGUAGE_STANDARD = gnu11;
				GCC_NO_COMMON_BLOCKS = YES;
				GCC_WARN_64_TO_32_BIT_CONVERSION = YES;
				GCC_WARN_ABOUT_RETURN_TYPE = YES_ERROR;
				GCC_WARN_UNDECLARED_SELECTOR = YES;
				GCC_WARN_UNINITIALIZED_AUTOS = YES_AGGRESSIVE;
				GCC_WARN_UNUSED_FUNCTION = YES;
				GCC_WARN_UNUSED_VARIABLE = YES;
				IPHONEOS_DEPLOYMENT_TARGET = 15.0;
				MTL_ENABLE_DEBUG_INFO = NO;
				MTL_FAST_MATH = YES;
				SDKROOT = iphoneos;
				SWIFT_COMPILATION_MODE = wholemodule;
				SWIFT_OPTIMIZATION_LEVEL = "-O";
				VALIDATE_PRODUCT = YES;
			};
			name = Release;
		};
		320049EB272D168E0094EE7F /* Debug */ = {
			isa = XCBuildConfiguration;
			buildSettings = {
				ASSETCATALOG_COMPILER_APPICON_NAME = AppIcon;
				ASSETCATALOG_COMPILER_GLOBAL_ACCENT_COLOR_NAME = AccentColor;
				CODE_SIGN_STYLE = Automatic;
				CURRENT_PROJECT_VERSION = 1;
				DEVELOPMENT_TEAM = 8345CBTC69;
				GENERATE_INFOPLIST_FILE = YES;
				INFOPLIST_FILE = LoadDemo/Info.plist;
				INFOPLIST_KEY_UIApplicationSupportsIndirectInputEvents = YES;
				INFOPLIST_KEY_UILaunchStoryboardName = LaunchScreen;
				INFOPLIST_KEY_UIMainStoryboardFile = Main;
				INFOPLIST_KEY_UISupportedInterfaceOrientations_iPad = "UIInterfaceOrientationPortrait UIInterfaceOrientationPortraitUpsideDown UIInterfaceOrientationLandscapeLeft UIInterfaceOrientationLandscapeRight";
				INFOPLIST_KEY_UISupportedInterfaceOrientations_iPhone = "UIInterfaceOrientationPortrait UIInterfaceOrientationLandscapeLeft UIInterfaceOrientationLandscapeRight";
				LD_RUNPATH_SEARCH_PATHS = (
					"$(inherited)",
					"@executable_path/Frameworks",
				);
				MARKETING_VERSION = 1.0;
				PRODUCT_BUNDLE_IDENTIFIER = com.gerrywang.LoadDemo;
				PRODUCT_NAME = "$(TARGET_NAME)";
				SWIFT_EMIT_LOC_STRINGS = YES;
				SWIFT_VERSION = 5.0;
				TARGETED_DEVICE_FAMILY = "1,2";
			};
			name = Debug;
		};
		320049EC272D168E0094EE7F /* Release */ = {
			isa = XCBuildConfiguration;
			buildSettings = {
				ASSETCATALOG_COMPILER_APPICON_NAME = AppIcon;
				ASSETCATALOG_COMPILER_GLOBAL_ACCENT_COLOR_NAME = AccentColor;
				CODE_SIGN_STYLE = Automatic;
				CURRENT_PROJECT_VERSION = 1;
				DEVELOPMENT_TEAM = 8345CBTC69;
				GENERATE_INFOPLIST_FILE = YES;
				INFOPLIST_FILE = LoadDemo/Info.plist;
				INFOPLIST_KEY_UIApplicationSupportsIndirectInputEvents = YES;
				INFOPLIST_KEY_UILaunchStoryboardName = LaunchScreen;
				INFOPLIST_KEY_UIMainStoryboardFile = Main;
				INFOPLIST_KEY_UISupportedInterfaceOrientations_iPad = "UIInterfaceOrientationPortrait UIInterfaceOrientationPortraitUpsideDown UIInterfaceOrientationLandscapeLeft UIInterfaceOrientationLandscapeRight";
				INFOPLIST_KEY_UISupportedInterfaceOrientations_iPhone = "UIInterfaceOrientationPortrait UIInterfaceOrientationLandscapeLeft UIInterfaceOrientationLandscapeRight";
				LD_RUNPATH_SEARCH_PATHS = (
					"$(inherited)",
					"@executable_path/Frameworks",
				);
				MARKETING_VERSION = 1.0;
				PRODUCT_BUNDLE_IDENTIFIER = com.gerrywang.LoadDemo;
				PRODUCT_NAME = "$(TARGET_NAME)";
				SWIFT_EMIT_LOC_STRINGS = YES;
				SWIFT_VERSION = 5.0;
				TARGETED_DEVICE_FAMILY = "1,2";
			};
			name = Release;
		};
/* End XCBuildConfiguration section */

/* Begin XCConfigurationList section */
		320049D1272D168A0094EE7F /* Build configuration list for PBXProject "LoadDemo" */ = {
			isa = XCConfigurationList;
			buildConfigurations = (
				320049E8272D168E0094EE7F /* Debug */,
				320049E9272D168E0094EE7F /* Release */,
			);
			defaultConfigurationIsVisible = 0;
			defaultConfigurationName = Release;
		};
		320049EA272D168E0094EE7F /* Build configuration list for PBXNativeTarget "LoadDemo" */ = {
			isa = XCConfigurationList;
			buildConfigurations = (
				320049EB272D168E0094EE7F /* Debug */,
				320049EC272D168E0094EE7F /* Release */,
			);
			defaultConfigurationIsVisible = 0;
			defaultConfigurationName = Release;
		};
/* End XCConfigurationList section */
	};
	rootObject = 320049CE272D168A0094EE7F /* Project object */;
}
